
Microsoft Visual Studio Solution File, Format Version 12.00
# Visual Studio 15
VisualStudioVersion = 15.0.27703.2000
MinimumVisualStudioVersion = 10.0.40219.1
Project("{FAE04EC0-301F-11D3-BF4B-00C04F79EFBC}") = "cmsShoppingCart2", "cmsShoppingCart2\cmsShoppingCart2.csproj", "{882AFEC7-9269-436E-BC5D-A319ACD03E0D}"
EndProject
Global
	GlobalSection(SolutionConfigurationPlatforms) = preSolution
		Debug|Any CPU = Debug|Any CPU
		Release|Any CPU = Release|Any CPU
	EndGlobalSection
	GlobalSection(ProjectConfigurationPlatforms) = postSolution
		{882AFEC7-9269-436E-BC5D-A319ACD03E0D}.Debug|Any CPU.ActiveCfg = Debug|Any CPU
		{882AFEC7-9269-436E-BC5D-A319ACD03E0D}.Debug|Any CPU.Build.0 = Debug|Any CPU
		{882AFEC7-9269-436E-BC5D-A319ACD03E0D}.Release|Any CPU.ActiveCfg = Release|Any CPU
		{882AFEC7-9269-436E-BC5D-A319ACD03E0D}.Release|Any CPU.Build.0 = Release|Any CPU
	EndGlobalSection
	GlobalSection(SolutionProperties) = preSolution
		HideSolutionNode = FALSE
	EndGlobalSection
	GlobalSection(ExtensibilityGlobals) = postSolution
		SolutionGuid = {C1766BE9-F57D-482A-95FF-79DE3E7E09BC}
	EndGlobalSection
EndGlobal
